
Microsoft Visual Studio Solution File, Format Version 12.00
# Visual Studio Version 16
VisualStudioVersion = 25.0.1705.3
MinimumVisualStudioVersion = 10.0.40219.1
Project("{FAE04EC0-301F-11D3-BF4B-00C04F79EFBC}") = "BuberBreakfast", "BuberBreakfast.csproj", "{28BEE115-5188-4053-94A1-EBB19ACECC95}"
EndProject
Global
	GlobalSection(SolutionConfigurationPlatforms) = preSolution
		Debug|Any CPU = Debug|Any CPU
		Release|Any CPU = Release|Any CPU
	EndGlobalSection
	GlobalSection(ProjectConfigurationPlatforms) = postSolution
		{28BEE115-5188-4053-94A1-EBB19ACECC95}.Debug|Any CPU.ActiveCfg = Debug|Any CPU
		{28BEE115-5188-4053-94A1-EBB19ACECC95}.Debug|Any CPU.Build.0 = Debug|Any CPU
		{28BEE115-5188-4053-94A1-EBB19ACECC95}.Release|Any CPU.ActiveCfg = Release|Any CPU
		{28BEE115-5188-4053-94A1-EBB19ACECC95}.Release|Any CPU.Build.0 = Release|Any CPU
	EndGlobalSection
	GlobalSection(SolutionProperties) = preSolution
		HideSolutionNode = FALSE
	EndGlobalSection
	GlobalSection(ExtensibilityGlobals) = postSolution
		SolutionGuid = {400E4204-7D26-4327-8679-7359E271FF7D}
	EndGlobalSection
EndGlobal
